
Microsoft Visual Studio Solution File, Format Version 12.00
# Visual Studio Version 17
VisualStudioVersion = 17.6.33815.320
MinimumVisualStudioVersion = 10.0.40219.1
Project("{9A19103F-16F7-4668-BE54-9A1E7A4F7556}") = "ApiIntegrationTest", "ApiIntegrationTest\ApiIntegrationTest.csproj", "{A4D026EE-E29D-4343-A3EA-331A22B2A9D3}"
EndProject
Project("{9A19103F-16F7-4668-BE54-9A1E7A4F7556}") = "ApiIntegrationTest.UnitTest", "ApiIntegrationTest.UnitTest\ApiIntegrationTest.UnitTest.csproj", "{497E0C55-1C83-487A-B5F2-79C5EBEC44BF}"
EndProject
Global
	GlobalSection(SolutionConfigurationPlatforms) = preSolution
		Debug|Any CPU = Debug|Any CPU
		Release|Any CPU = Release|Any CPU
	EndGlobalSection
	GlobalSection(ProjectConfigurationPlatforms) = postSolution
		{A4D026EE-E29D-4343-A3EA-331A22B2A9D3}.Debug|Any CPU.ActiveCfg = Debug|Any CPU
		{A4D026EE-E29D-4343-A3EA-331A22B2A9D3}.Debug|Any CPU.Build.0 = Debug|Any CPU
		{A4D026EE-E29D-4343-A3EA-331A22B2A9D3}.Release|Any CPU.ActiveCfg = Release|Any CPU
		{A4D026EE-E29D-4343-A3EA-331A22B2A9D3}.Release|Any CPU.Build.0 = Release|Any CPU
		{497E0C55-1C83-487A-B5F2-79C5EBEC44BF}.Debug|Any CPU.ActiveCfg = Debug|Any CPU
		{497E0C55-1C83-487A-B5F2-79C5EBEC44BF}.Debug|Any CPU.Build.0 = Debug|Any CPU
		{497E0C55-1C83-487A-B5F2-79C5EBEC44BF}.Release|Any CPU.ActiveCfg = Release|Any CPU
		{497E0C55-1C83-487A-B5F2-79C5EBEC44BF}.Release|Any CPU.Build.0 = Release|Any CPU
	EndGlobalSection
	GlobalSection(SolutionProperties) = preSolution
		HideSolutionNode = FALSE
	EndGlobalSection
	GlobalSection(ExtensibilityGlobals) = postSolution
		SolutionGuid = {CDCE08B6-93E9-4219-932A-E5142FB5E3B3}
	EndGlobalSection
EndGlobal
